// !$*UTF8*$!
{
	archiveVersion = 1;
	classes = {
	};
	objectVersion = 50;
	objects = {

/* Begin PBXBuildFile section */
		888BC26426187129004D49FE /* CombinePracticeApp.swift in Sources */ = {isa = PBXBuildFile; fileRef = 888BC26326187129004D49FE /* CombinePracticeApp.swift */; };
		888BC26626187129004D49FE /* ContentView.swift in Sources */ = {isa = PBXBuildFile; fileRef = 888BC26526187129004D49FE /* ContentView.swift */; };
		888BC26826187136004D49FE /* Assets.xcassets in Resources */ = {isa = PBXBuildFile; fileRef = 888BC26726187136004D49FE /* Assets.xcassets */; };
		888BC26B26187136004D49FE /* Preview Assets.xcassets in Resources */ = {isa = PBXBuildFile; fileRef = 888BC26A26187136004D49FE /* Preview Assets.xcassets */; };
		888BC27426187177004D49FE /* DoingSomething.swift in Sources */ = {isa = PBXBuildFile; fileRef = 888BC27326187177004D49FE /* DoingSomething.swift */; };
		888BC27B2618AE98004D49FE /* WeatherInfoView.swift in Sources */ = {isa = PBXBuildFile; fileRef = 888BC27A2618AE98004D49FE /* WeatherInfoView.swift */; };
		888BC27E2618AEB2004D49FE /* WeatherInfoViewModel.swift in Sources */ = {isa = PBXBuildFile; fileRef = 888BC27D2618AEB2004D49FE /* WeatherInfoViewModel.swift */; };
		888BC2812618B2D5004D49FE /* WeatherInfo.swift in Sources */ = {isa = PBXBuildFile; fileRef = 888BC2802618B2D5004D49FE /* WeatherInfo.swift */; };
/* End PBXBuildFile section */

/* Begin PBXFileReference section */
		888BC26026187129004D49FE /* CombinePractice.app */ = {isa = PBXFileReference; explicitFileType = wrapper.application; includeInIndex = 0; path = CombinePractice.app; sourceTree = BUILT_PRODUCTS_DIR; };
		888BC26326187129004D49FE /* CombinePracticeApp.swift */ = {isa = PBXFileReference; lastKnownFileType = sourcecode.swift; path = CombinePracticeApp.swift; sourceTree = "<group>"; };
		888BC26526187129004D49FE /* ContentView.swift */ = {isa = PBXFileReference; lastKnownFileType = sourcecode.swift; path = ContentView.swift; sourceTree = "<group>"; };
		888BC26726187136004D49FE /* Assets.xcassets */ = {isa = PBXFileReference; lastKnownFileType = folder.assetcatalog; path = Assets.xcassets; sourceTree = "<group>"; };
		888BC26A26187136004D49FE /* Preview Assets.xcassets */ = {isa = PBXFileReference; lastKnownFileType = folder.assetcatalog; path = "Preview Assets.xcassets"; sourceTree = "<group>"; };
		888BC26C26187136004D49FE /* Info.plist */ = {isa = PBXFileReference; lastKnownFileType = text.plist.xml; path = Info.plist; sourceTree = "<group>"; };
		888BC27326187177004D49FE /* DoingSomething.swift */ = {isa = PBXFileReference; lastKnownFileType = sourcecode.swift; path = DoingSomething.swift; sourceTree = "<group>"; };
		888BC27A2618AE98004D49FE /* WeatherInfoView.swift */ = {isa = PBXFileReference; lastKnownFileType = sourcecode.swift; path = WeatherInfoView.swift; sourceTree = "<group>"; };
		888BC27D2618AEB2004D49FE /* WeatherInfoViewModel.swift */ = {isa = PBXFileReference; lastKnownFileType = sourcecode.swift; path = WeatherInfoViewModel.swift; sourceTree = "<group>"; };
		888BC2802618B2D5004D49FE /* WeatherInfo.swift */ = {isa = PBXFileReference; lastKnownFileType = sourcecode.swift; path = WeatherInfo.swift; sourceTree = "<group>"; };
/* End PBXFileReference section */

/* Begin PBXFrameworksBuildPhase section */
		888BC25D26187129004D49FE /* Frameworks */ = {
			isa = PBXFrameworksBuildPhase;
			buildActionMask = 2147483647;
			files = (
			);
			runOnlyForDeploymentPostprocessing = 0;
		};
/* End PBXFrameworksBuildPhase section */

/* Begin PBXGroup section */
		888BC25726187129004D49FE = {
			isa = PBXGroup;
			children = (
				888BC26226187129004D49FE /* CombinePractice */,
				888BC26126187129004D49FE /* Products */,
			);
			sourceTree = "<group>";
		};
		888BC26126187129004D49FE /* Products */ = {
			isa = PBXGroup;
			children = (
				888BC26026187129004D49FE /* CombinePractice.app */,
			);
			name = Products;
			sourceTree = "<group>";
		};
		888BC26226187129004D49FE /* CombinePractice */ = {
			isa = PBXGroup;
			children = (
				888BC26326187129004D49FE /* CombinePracticeApp.swift */,
				888BC26526187129004D49FE /* ContentView.swift */,
				888BC26726187136004D49FE /* Assets.xcassets */,
				888BC26C26187136004D49FE /* Info.plist */,
				888BC26926187136004D49FE /* Preview Content */,
				888BC27326187177004D49FE /* DoingSomething.swift */,
				888BC27A2618AE98004D49FE /* WeatherInfoView.swift */,
				888BC27D2618AEB2004D49FE /* WeatherInfoViewModel.swift */,
				888BC2802618B2D5004D49FE /* WeatherInfo.swift */,
			);
			path = CombinePractice;
			sourceTree = "<group>";
		};
		888BC26926187136004D49FE /* Preview Content */ = {
			isa = PBXGroup;
			children = (
				888BC26A26187136004D49FE /* Preview Assets.xcassets */,
			);
			path = "Preview Content";
			sourceTree = "<group>";
		};
/* End PBXGroup section */

/* Begin PBXNativeTarget section */
		888BC25F26187129004D49FE /* CombinePractice */ = {
			isa = PBXNativeTarget;
			buildConfigurationList = 888BC26F26187136004D49FE /* Build configuration list for PBXNativeTarget "CombinePractice" */;
			buildPhases = (
				888BC25C26187129004D49FE /* Sources */,
				888BC25D26187129004D49FE /* Frameworks */,
				888BC25E26187129004D49FE /* Resources */,
			);
			buildRules = (
			);
			dependencies = (
			);
			name = CombinePractice;
			productName = CombinePractice;
			productReference = 888BC26026187129004D49FE /* CombinePractice.app */;
			productType = "com.apple.product-type.application";
		};
/* End PBXNativeTarget section */

/* Begin PBXProject section */
		888BC25826187129004D49FE /* Project object */ = {
			isa = PBXProject;
			attributes = {
				LastSwiftUpdateCheck = 1240;
				LastUpgradeCheck = 1240;
				TargetAttributes = {
					888BC25F26187129004D49FE = {
						CreatedOnToolsVersion = 12.4;
					};
				};
			};
			buildConfigurationList = 888BC25B26187129004D49FE /* Build configuration list for PBXProject "CombinePractice" */;
			compatibilityVersion = "Xcode 9.3";
			developmentRegion = en;
			hasScannedForEncodings = 0;
			knownRegions = (
				en,
				Base,
			);
			mainGroup = 888BC25726187129004D49FE;
			productRefGroup = 888BC26126187129004D49FE /* Products */;
			projectDirPath = "";
			projectRoot = "";
			targets = (
				888BC25F26187129004D49FE /* CombinePractice */,
			);
		};
/* End PBXProject section */

/* Begin PBXResourcesBuildPhase section */
		888BC25E26187129004D49FE /* Resources */ = {
			isa = PBXResourcesBuildPhase;
			buildActionMask = 2147483647;
			files = (
				888BC26B26187136004D49FE /* Preview Assets.xcassets in Resources */,
				888BC26826187136004D49FE /* Assets.xcassets in Resources */,
			);
			runOnlyForDeploymentPostprocessing = 0;
		};
/* End PBXResourcesBuildPhase section */

/* Begin PBXSourcesBuildPhase section */
		888BC25C26187129004D49FE /* Sources */ = {
			isa = PBXSourcesBuildPhase;
			buildActionMask = 2147483647;
			files = (
				888BC27E2618AEB2004D49FE /* WeatherInfoViewModel.swift in Sources */,
				888BC26626187129004D49FE /* ContentView.swift in Sources */,
				888BC2812618B2D5004D49FE /* WeatherInfo.swift in Sources */,
				888BC26426187129004D49FE /* CombinePracticeApp.swift in Sources */,
				888BC27426187177004D49FE /* DoingSomething.swift in Sources */,
				888BC27B2618AE98004D49FE /* WeatherInfoView.swift in Sources */,
			);
			runOnlyForDeploymentPostprocessing = 0;
		};
/* End PBXSourcesBuildPhase section */

/* Begin XCBuildConfiguration section */
		888BC26D26187136004D49FE /* Debug */ = {
			isa = XCBuildConfiguration;
			buildSettings = {
				ALWAYS_SEARCH_USER_PATHS = NO;
				CLANG_ANALYZER_NONNULL = YES;
				CLANG_ANALYZER_NUMBER_OBJECT_CONVERSION = YES_AGGRESSIVE;
				CLANG_CXX_LANGUAGE_STANDARD = "gnu++14";
				CLANG_CXX_LIBRARY = "libc++";
				CLANG_ENABLE_MODULES = YES;
				CLANG_ENABLE_OBJC_ARC = YES;
				CLANG_ENABLE_OBJC_WEAK = YES;
				CLANG_WARN_BLOCK_CAPTURE_AUTORELEASING = YES;
				CLANG_WARN_BOOL_CONVERSION = YES;
				CLANG_WARN_COMMA = YES;
				CLANG_WARN_CONSTANT_CONVERSION = YES;
				CLANG_WARN_DEPRECATED_OBJC_IMPLEMENTATIONS = YES;
				CLANG_WARN_DIRECT_OBJC_ISA_USAGE = YES_ERROR;
				CLANG_WARN_DOCUMENTATION_COMMENTS = YES;
				CLANG_WARN_EMPTY_BODY = YES;
				CLANG_WARN_ENUM_CONVERSION = YES;
				CLANG_WARN_INFINITE_RECURSION = YES;
				CLANG_WARN_INT_CONVERSION = YES;
				CLANG_WARN_NON_LITERAL_NULL_CONVERSION = YES;
				CLANG_WARN_OBJC_IMPLICIT_RETAIN_SELF = YES;
				CLANG_WARN_OBJC_LITERAL_CONVERSION = YES;
				CLANG_WARN_OBJC_ROOT_CLASS = YES_ERROR;
				CLANG_WARN_QUOTED_INCLUDE_IN_FRAMEWORK_HEADER = YES;
				CLANG_WARN_RANGE_LOOP_ANALYSIS = YES;
				CLANG_WARN_STRICT_PROTOTYPES = YES;
				CLANG_WARN_SUSPICIOUS_MOVE = YES;
				CLANG_WARN_UNGUARDED_AVAILABILITY = YES_AGGRESSIVE;
				CLANG_WARN_UNREACHABLE_CODE = YES;
				CLANG_WARN__DUPLICATE_METHOD_MATCH = YES;
				COPY_PHASE_STRIP = NO;
				DEBUG_INFORMATION_FORMAT = dwarf;
				ENABLE_STRICT_OBJC_MSGSEND = YES;
				ENABLE_TESTABILITY = YES;
				GCC_C_LANGUAGE_STANDARD = gnu11;
				GCC_DYNAMIC_NO_PIC = NO;
				GCC_NO_COMMON_BLOCKS = YES;
				GCC_OPTIMIZATION_LEVEL = 0;
				GCC_PREPROCESSOR_DEFINITIONS = (
					"DEBUG=1",
					"$(inherited)",
				);
				GCC_WARN_64_TO_32_BIT_CONVERSION = YES;
				GCC_WARN_ABOUT_RETURN_TYPE = YES_ERROR;
				GCC_WARN_UNDECLARED_SELECTOR = YES;
				GCC_WARN_UNINITIALIZED_AUTOS = YES_AGGRESSIVE;
				GCC_WARN_UNUSED_FUNCTION = YES;
				GCC_WARN_UNUSED_VARIABLE = YES;
				IPHONEOS_DEPLOYMENT_TARGET = 14.4;
				MTL_ENABLE_DEBUG_INFO = INCLUDE_SOURCE;
				MTL_FAST_MATH = YES;
				ONLY_ACTIVE_ARCH = YES;
				SDKROOT = iphoneos;
				SWIFT_ACTIVE_COMPILATION_CONDITIONS = DEBUG;
				SWIFT_OPTIMIZATION_LEVEL = "-Onone";
			};
			name = Debug;
		};
		888BC26E26187136004D49FE /* Release */ = {
			isa = XCBuildConfiguration;
			buildSettings = {
				ALWAYS_SEARCH_USER_PATHS = NO;
				CLANG_ANALYZER_NONNULL = YES;
				CLANG_ANALYZER_NUMBER_OBJECT_CONVERSION = YES_AGGRESSIVE;
				CLANG_CXX_LANGUAGE_STANDARD = "gnu++14";
				CLANG_CXX_LIBRARY = "libc++";
				CLANG_ENABLE_MODULES = YES;
				CLANG_ENABLE_OBJC_ARC = YES;
				CLANG_ENABLE_OBJC_WEAK = YES;
				CLANG_WARN_BLOCK_CAPTURE_AUTORELEASING = YES;
				CLANG_WARN_BOOL_CONVERSION = YES;
				CLANG_WARN_COMMA = YES;
				CLANG_WARN_CONSTANT_CONVERSION = YES;
				CLANG_WARN_DEPRECATED_OBJC_IMPLEMENTATIONS = YES;
				CLANG_WARN_DIRECT_OBJC_ISA_USAGE = YES_ERROR;
				CLANG_WARN_DOCUMENTATION_COMMENTS = YES;
				CLANG_WARN_EMPTY_BODY = YES;
				CLANG_WARN_ENUM_CONVERSION = YES;
				CLANG_WARN_INFINITE_RECURSION = YES;
				CLANG_WARN_INT_CONVERSION = YES;
				CLANG_WARN_NON_LITERAL_NULL_CONVERSION = YES;
				CLANG_WARN_OBJC_IMPLICIT_RETAIN_SELF = YES;
				CLANG_WARN_OBJC_LITERAL_CONVERSION = YES;
				CLANG_WARN_OBJC_ROOT_CLASS = YES_ERROR;
				CLANG_WARN_QUOTED_INCLUDE_IN_FRAMEWORK_HEADER = YES;
				CLANG_WARN_RANGE_LOOP_ANALYSIS = YES;
				CLANG_WARN_STRICT_PROTOTYPES = YES;
				CLANG_WARN_SUSPICIOUS_MOVE = YES;
				CLANG_WARN_UNGUARDED_AVAILABILITY = YES_AGGRESSIVE;
				CLANG_WARN_UNREACHABLE_CODE = YES;
				CLANG_WARN__DUPLICATE_METHOD_MATCH = YES;
				COPY_PHASE_STRIP = NO;
				DEBUG_INFORMATION_FORMAT = "dwarf-with-dsym";
				ENABLE_NS_ASSERTIONS = NO;
				ENABLE_STRICT_OBJC_MSGSEND = YES;
				GCC_C_LANGUAGE_STANDARD = gnu11;
				GCC_NO_COMMON_BLOCKS = YES;
				GCC_WARN_64_TO_32_BIT_CONVERSION = YES;
				GCC_WARN_ABOUT_RETURN_TYPE = YES_ERROR;
				GCC_WARN_UNDECLARED_SELECTOR = YES;
				GCC_WARN_UNINITIALIZED_AUTOS = YES_AGGRESSIVE;
				GCC_WARN_UNUSED_FUNCTION = YES;
				GCC_WARN_UNUSED_VARIABLE = YES;
				IPHONEOS_DEPLOYMENT_TARGET = 14.4;
				MTL_ENABLE_DEBUG_INFO = NO;
				MTL_FAST_MATH = YES;
				SDKROOT = iphoneos;
				SWIFT_COMPILATION_MODE = wholemodule;
				SWIFT_OPTIMIZATION_LEVEL = "-O";
				VALIDATE_PRODUCT = YES;
			};
			name = Release;
		};
		888BC27026187136004D49FE /* Debug */ = {
			isa = XCBuildConfiguration;
			buildSettings = {
				ASSETCATALOG_COMPILER_APPICON_NAME = AppIcon;
				ASSETCATALOG_COMPILER_GLOBAL_ACCENT_COLOR_NAME = AccentColor;
				CODE_SIGN_STYLE = Automatic;
				DEVELOPMENT_ASSET_PATHS = "\"CombinePractice/Preview Content\"";
				DEVELOPMENT_TEAM = 377486B56V;
				ENABLE_PREVIEWS = YES;
				INFOPLIST_FILE = CombinePractice/Info.plist;
				IPHONEOS_DEPLOYMENT_TARGET = 14.0;
				LD_RUNPATH_SEARCH_PATHS = (
					"$(inherited)",
					"@executable_path/Frameworks",
				);
				PRODUCT_BUNDLE_IDENTIFIER = ciccc.ca.korosaka.CombinePractice;
				PRODUCT_NAME = "$(TARGET_NAME)";
				SWIFT_VERSION = 5.0;
				TARGETED_DEVICE_FAMILY = "1,2";
			};
			name = Debug;
		};
		888BC27126187136004D49FE /* Release */ = {
			isa = XCBuildConfiguration;
			buildSettings = {
				ASSETCATALOG_COMPILER_APPICON_NAME = AppIcon;
				ASSETCATALOG_COMPILER_GLOBAL_ACCENT_COLOR_NAME = AccentColor;
				CODE_SIGN_STYLE = Automatic;
				DEVELOPMENT_ASSET_PATHS = "\"CombinePractice/Preview Content\"";
				DEVELOPMENT_TEAM = 377486B56V;
				ENABLE_PREVIEWS = YES;
				INFOPLIST_FILE = CombinePractice/Info.plist;
				IPHONEOS_DEPLOYMENT_TARGET = 14.0;
				LD_RUNPATH_SEARCH_PATHS = (
					"$(inherited)",
					"@executable_path/Frameworks",
				);
				PRODUCT_BUNDLE_IDENTIFIER = ciccc.ca.korosaka.CombinePractice;
				PRODUCT_NAME = "$(TARGET_NAME)";
				SWIFT_VERSION = 5.0;
				TARGETED_DEVICE_FAMILY = "1,2";
			};
			name = Release;
		};
/* End XCBuildConfiguration section */

/* Begin XCConfigurationList section */
		888BC25B26187129004D49FE /* Build configuration list for PBXProject "CombinePractice" */ = {
			isa = XCConfigurationList;
			buildConfigurations = (
				888BC26D26187136004D49FE /* Debug */,
				888BC26E26187136004D49FE /* Release */,
			);
			defaultConfigurationIsVisible = 0;
			defaultConfigurationName = Release;
		};
		888BC26F26187136004D49FE /* Build configuration list for PBXNativeTarget "CombinePractice" */ = {
			isa = XCConfigurationList;
			buildConfigurations = (
				888BC27026187136004D49FE /* Debug */,
				888BC27126187136004D49FE /* Release */,
			);
			defaultConfigurationIsVisible = 0;
			defaultConfigurationName = Release;
		};
/* End XCConfigurationList section */
	};
	rootObject = 888BC25826187129004D49FE /* Project object */;
}
